{
  "name": "memcached-demo",
  "version": "1.0.0",
  "lockfileVersion": 1,
  "dependencies": {
    "@types/memcached": {
      "version": "2.2.3",
      "resolved": "https://registry.npmjs.org/@types/memcached/-/memcached-2.2.3.tgz",
      "integrity": "sha512-rAp0ZriAH0GaLR2RrJwDKapjMGoThLW+AkMnrwxElVN/l08chiUYJtK5DFpAohgpBQBzk7P7Fwm7AZPZiJmUDw==",
      "dev": true
    },
    "@types/node": {
      "version": "8.0.0",
      "resolved": "https://registry.npmjs.org/@types/node/-/node-8.0.0.tgz",
      "integrity": "sha512-j2tekvJCO7j22cs+LO6i0kRPhmQ9MXaPZ55TzOc1lzkN5b6BWqq4AFjl04s1oRRQ1v5rSe+KEvnLUSTonuls/A==",
      "dev": true
    },
    "connection-parse": {
      "version": "0.0.7",
      "resolved": "https://registry.npmjs.org/connection-parse/-/connection-parse-0.0.7.tgz",
      "integrity": "sha1-GOcxiqsGppkmc3KxDFIm0locmmk="
    },
    "hashring": {
      "version": "3.2.0",
      "resolved": "https://registry.npmjs.org/hashring/-/hashring-3.2.0.tgz",
      "integrity": "sha1-/aTv3oqiLNuX+x0qZeiEAeHBRM4="
    },
    "jackpot": {
      "version": "0.0.6",
      "resolved": "https://registry.npmjs.org/jackpot/-/jackpot-0.0.6.tgz",
      "integrity": "sha1-PP8GQoXL9m9OqyWTyQvOgWqCGEk="
    },
    "memcached": {
      "version": "2.2.2",
      "resolved": "https://registry.npmjs.org/memcached/-/memcached-2.2.2.tgz",
      "integrity": "sha1-aPhsz9hLz5PMJe1G1tf8DHUhydU="
    },
    "retry": {
      "version": "0.6.0",
      "resolved": "https://registry.npmjs.org/retry/-/retry-0.6.0.tgz",
      "integrity": "sha1-HAEHEyeab9Ho3vKK8MP/GHHKpTc="
    },
    "simple-lru-cache": {
      "version": "0.0.2",
      "resolved": "https://registry.npmjs.org/simple-lru-cache/-/simple-lru-cache-0.0.2.tgz",
      "integrity": "sha1-1ZzDoZPBpdAyD4Tucy9uRxPlEd0="
    },
    "typescript": {
      "version": "2.3.4",
      "resolved": "https://registry.npmjs.org/typescript/-/typescript-2.3.4.tgz",
      "integrity": "sha1-PTgyGCgjHkNPKHUUlZw3qCtin0I=",
      "dev": true
    }
  }
}
